
Microsoft Visual Studio Solution File, Format Version 12.00
# Visual Studio Version 17
VisualStudioVersion = 17.0.32014.148
MinimumVisualStudioVersion = 10.0.40219.1
Project("{9A19103F-16F7-4668-BE54-9A1E7A4F7556}") = "PingPong.Client.BL", "PingPong.Client.BL\PingPong.Client.BL.csproj", "{2FC2BFFF-5E86-477B-A9ED-CE902DB4957D}"
EndProject
Project("{FAE04EC0-301F-11D3-BF4B-00C04F79EFBC}") = "PingPong.Client.ConsoleUI", "PingPong.Client.ConsoleUI\PingPong.Client.ConsoleUI.csproj", "{BFA96585-2D87-49FC-80D5-5AD90FFBFA24}"
EndProject
Project("{FAE04EC0-301F-11D3-BF4B-00C04F79EFBC}") = "PingPong.Client.UI", "PingPong.Client.UI\PingPong.Client.UI.csproj", "{E58ABCCF-C34C-4F55-AF98-A7209DA2C4DE}"
EndProject
Global
	GlobalSection(SolutionConfigurationPlatforms) = preSolution
		Debug|Any CPU = Debug|Any CPU
		Release|Any CPU = Release|Any CPU
	EndGlobalSection
	GlobalSection(ProjectConfigurationPlatforms) = postSolution
		{2FC2BFFF-5E86-477B-A9ED-CE902DB4957D}.Debug|Any CPU.ActiveCfg = Debug|Any CPU
		{2FC2BFFF-5E86-477B-A9ED-CE902DB4957D}.Debug|Any CPU.Build.0 = Debug|Any CPU
		{2FC2BFFF-5E86-477B-A9ED-CE902DB4957D}.Release|Any CPU.ActiveCfg = Release|Any CPU
		{2FC2BFFF-5E86-477B-A9ED-CE902DB4957D}.Release|Any CPU.Build.0 = Release|Any CPU
		{BFA96585-2D87-49FC-80D5-5AD90FFBFA24}.Debug|Any CPU.ActiveCfg = Debug|Any CPU
		{BFA96585-2D87-49FC-80D5-5AD90FFBFA24}.Debug|Any CPU.Build.0 = Debug|Any CPU
		{BFA96585-2D87-49FC-80D5-5AD90FFBFA24}.Release|Any CPU.ActiveCfg = Release|Any CPU
		{BFA96585-2D87-49FC-80D5-5AD90FFBFA24}.Release|Any CPU.Build.0 = Release|Any CPU
		{E58ABCCF-C34C-4F55-AF98-A7209DA2C4DE}.Debug|Any CPU.ActiveCfg = Debug|Any CPU
		{E58ABCCF-C34C-4F55-AF98-A7209DA2C4DE}.Debug|Any CPU.Build.0 = Debug|Any CPU
		{E58ABCCF-C34C-4F55-AF98-A7209DA2C4DE}.Release|Any CPU.ActiveCfg = Release|Any CPU
		{E58ABCCF-C34C-4F55-AF98-A7209DA2C4DE}.Release|Any CPU.Build.0 = Release|Any CPU
	EndGlobalSection
	GlobalSection(SolutionProperties) = preSolution
		HideSolutionNode = FALSE
	EndGlobalSection
	GlobalSection(ExtensibilityGlobals) = postSolution
		SolutionGuid = {D6E58F61-4421-4AFC-A86E-B995847A7FBE}
	EndGlobalSection
EndGlobal
