
Microsoft Visual Studio Solution File, Format Version 12.00
# Visual Studio Version 17
VisualStudioVersion = 17.0.32014.148
MinimumVisualStudioVersion = 10.0.40219.1
Project("{FAE04EC0-301F-11D3-BF4B-00C04F79EFBC}") = "PingPong.ConsoleUI", "PingPong.ConsoleUI\PingPong.ConsoleUI.csproj", "{5DCB84F0-DF2A-468D-A1AF-76FCBF0E52F2}"
EndProject
Project("{FAE04EC0-301F-11D3-BF4B-00C04F79EFBC}") = "PingPong.Client", "PingPong.Client\PingPong.Client.csproj", "{230E3E2A-EF5C-4B54-A3FA-9803DFF3FE97}"
EndProject
Project("{FAE04EC0-301F-11D3-BF4B-00C04F79EFBC}") = "PingPong.Server", "PingPong.Server\PingPong.Server.csproj", "{7C03E160-2510-40E8-B252-18C18B0B83BB}"
EndProject
Project("{FAE04EC0-301F-11D3-BF4B-00C04F79EFBC}") = "PingPong.UI", "PingPong.UI\PingPong.UI.csproj", "{F772EBE6-CB20-438D-8EAC-27EF04139517}"
EndProject
Global
	GlobalSection(SolutionConfigurationPlatforms) = preSolution
		Debug|Any CPU = Debug|Any CPU
		Release|Any CPU = Release|Any CPU
	EndGlobalSection
	GlobalSection(ProjectConfigurationPlatforms) = postSolution
		{5DCB84F0-DF2A-468D-A1AF-76FCBF0E52F2}.Debug|Any CPU.ActiveCfg = Debug|Any CPU
		{5DCB84F0-DF2A-468D-A1AF-76FCBF0E52F2}.Debug|Any CPU.Build.0 = Debug|Any CPU
		{5DCB84F0-DF2A-468D-A1AF-76FCBF0E52F2}.Release|Any CPU.ActiveCfg = Release|Any CPU
		{5DCB84F0-DF2A-468D-A1AF-76FCBF0E52F2}.Release|Any CPU.Build.0 = Release|Any CPU
		{230E3E2A-EF5C-4B54-A3FA-9803DFF3FE97}.Debug|Any CPU.ActiveCfg = Debug|Any CPU
		{230E3E2A-EF5C-4B54-A3FA-9803DFF3FE97}.Debug|Any CPU.Build.0 = Debug|Any CPU
		{230E3E2A-EF5C-4B54-A3FA-9803DFF3FE97}.Release|Any CPU.ActiveCfg = Release|Any CPU
		{230E3E2A-EF5C-4B54-A3FA-9803DFF3FE97}.Release|Any CPU.Build.0 = Release|Any CPU
		{7C03E160-2510-40E8-B252-18C18B0B83BB}.Debug|Any CPU.ActiveCfg = Debug|Any CPU
		{7C03E160-2510-40E8-B252-18C18B0B83BB}.Debug|Any CPU.Build.0 = Debug|Any CPU
		{7C03E160-2510-40E8-B252-18C18B0B83BB}.Release|Any CPU.ActiveCfg = Release|Any CPU
		{7C03E160-2510-40E8-B252-18C18B0B83BB}.Release|Any CPU.Build.0 = Release|Any CPU
		{F772EBE6-CB20-438D-8EAC-27EF04139517}.Debug|Any CPU.ActiveCfg = Debug|Any CPU
		{F772EBE6-CB20-438D-8EAC-27EF04139517}.Debug|Any CPU.Build.0 = Debug|Any CPU
		{F772EBE6-CB20-438D-8EAC-27EF04139517}.Release|Any CPU.ActiveCfg = Release|Any CPU
		{F772EBE6-CB20-438D-8EAC-27EF04139517}.Release|Any CPU.Build.0 = Release|Any CPU
	EndGlobalSection
	GlobalSection(SolutionProperties) = preSolution
		HideSolutionNode = FALSE
	EndGlobalSection
	GlobalSection(ExtensibilityGlobals) = postSolution
		SolutionGuid = {3DED82F6-E187-42EF-A6E5-FA18E822B6E2}
	EndGlobalSection
EndGlobal
